
Microsoft Visual Studio Solution File, Format Version 12.00
# Visual Studio Version 17
VisualStudioVersion = 17.8.34525.116
MinimumVisualStudioVersion = 10.0.40219.1
Project("{FAE04EC0-301F-11D3-BF4B-00C04F79EFBC}") = "EjercicioDptoVehicular", "EjercicioDptoVehicular\EjercicioDptoVehicular.csproj", "{14F836A7-4883-437E-804E-E70091B40DC8}"
EndProject
Global
	GlobalSection(SolutionConfigurationPlatforms) = preSolution
		Debug|Any CPU = Debug|Any CPU
		Release|Any CPU = Release|Any CPU
	EndGlobalSection
	GlobalSection(ProjectConfigurationPlatforms) = postSolution
		{14F836A7-4883-437E-804E-E70091B40DC8}.Debug|Any CPU.ActiveCfg = Debug|Any CPU
		{14F836A7-4883-437E-804E-E70091B40DC8}.Debug|Any CPU.Build.0 = Debug|Any CPU
		{14F836A7-4883-437E-804E-E70091B40DC8}.Release|Any CPU.ActiveCfg = Release|Any CPU
		{14F836A7-4883-437E-804E-E70091B40DC8}.Release|Any CPU.Build.0 = Release|Any CPU
	EndGlobalSection
	GlobalSection(SolutionProperties) = preSolution
		HideSolutionNode = FALSE
	EndGlobalSection
	GlobalSection(ExtensibilityGlobals) = postSolution
		SolutionGuid = {733B03DA-D14A-4CE9-9E99-26629DCC8789}
	EndGlobalSection
EndGlobal
